
Microsoft Visual Studio Solution File, Format Version 11.00
# Visual Studio 2010
Project("{FAE04EC0-301F-11D3-BF4B-00C04F79EFBC}") = "Assembly-CSharp", "Assembly-CSharp.csproj", "{d51a0299-8bb5-7f80-998c-d465808763fa}"
EndProject
Project("{FAE04EC0-301F-11D3-BF4B-00C04F79EFBC}") = "Assembly-CSharp-Editor", "Assembly-CSharp-Editor.csproj", "{29a149b5-7785-ed5a-6185-5d23a9494960}"
EndProject
Global
	GlobalSection(SolutionConfigurationPlatforms) = preSolution
		Debug|Any CPU = Debug|Any CPU
	EndGlobalSection
	GlobalSection(ProjectConfigurationPlatforms) = postSolution
		{d51a0299-8bb5-7f80-998c-d465808763fa}.Debug|Any CPU.ActiveCfg = Debug|Any CPU
		{d51a0299-8bb5-7f80-998c-d465808763fa}.Debug|Any CPU.Build.0 = Debug|Any CPU
		{29a149b5-7785-ed5a-6185-5d23a9494960}.Debug|Any CPU.ActiveCfg = Debug|Any CPU
		{29a149b5-7785-ed5a-6185-5d23a9494960}.Debug|Any CPU.Build.0 = Debug|Any CPU
	EndGlobalSection
	GlobalSection(SolutionProperties) = preSolution
		HideSolutionNode = FALSE
	EndGlobalSection
EndGlobal
